%{"cowboy": {:package, "1.0.0"},
  "cowlib": {:package, "1.0.0"},
  "ex_doc": {:git, "git://github.com/elixir-lang/ex_doc.git", "98567bc87369d710d31d46bfa9ce0d3bf18cb0d4", []},
  "httpotion": {:git, "git://github.com/myfreeweb/httpotion.git", "1a7d8ac3d5f7c2da5d48496acf3adfc9f73fcc69", []},
  "ibrowse": {:git, "git://github.com/cmullaparthi/ibrowse.git", "7871e2ebe8811efb64e1917e2de455fa87e8dfe3", [tag: "v4.1.0"]},
  "jsx": {:git, "git://github.com/talentdeficit/jsx.git", "4d549dd8a990e282c3d57c5f73213674c05ebf07", [branch: "develop"]},
  "jsxn": {:git, "git://github.com/talentdeficit/jsxn.git", "5fd4c013da26f2b421537760572f6969765fea18", []},
  "linguist": {:package, "0.1.2"},
  "meck": {:git, "git://github.com/eproxus/meck.git", "eb479aa20cd430f62b6c043e826f0eb88a029852", []},
  "phoenix": {:package, "0.4.0"},
  "plug": {:package, "0.7.0"},
  "poison": {:package, "1.0.3"},
  "ranch": {:package, "1.0.0"},
  "stripe2qif": {:git, "git://github.com/paulanthonywilson/stripe2qif.git", "27c4a809503e8d0e5b32dffc3b6894075a591a2d", []}}
